<?xml version="1.0" encoding="utf-8"?>
<Project ToolsVersion="4.0" xmlns="http://schemas.microsoft.com/developer/msbuild/2003">
  <ItemGroup>
    <Filter Include="Source Files">
      <UniqueIdentifier>{4FC737F1-C7A5-4376-A066-2A32D752A2FF}</UniqueIdentifier>
      <Extensions>cpp;c;cc;cxx;c++;def;odl;idl;hpj;bat;asm;asmx</Extensions>
    </Filter>
    <Filter Include="Header Files">
      <UniqueIdentifier>{93995380-89BD-4b04-88EB-625FBE52EBFB}</UniqueIdentifier>
      <Extensions>h;hh;hpp;hxx;h++;hm;inl;inc;ipp;xsd</Extensions>
    </Filter>
    <Filter Include="Resource Files">
      <UniqueIdentifier>{67DA6AB6-F800-4c08-8B7A-83BB121AAD01}</UniqueIdentifier>
      <Extensions>rc;ico;cur;bmp;dlg;rc2;rct;bin;rgs;gif;jpg;jpeg;jpe;resx;tiff;tif;png;wav;mfcribbon-ms</Extensions>
    </Filter>
    <Filter Include="asm x64 as main">
      <UniqueIdentifier>{a72ec24e-4152-4b13-85b0-a5d0469b2282}</UniqueIdentifier>
    </Filter>
  </ItemGroup>
  <ItemGroup>
    <ClCompile Include="main.cpp">
      <Filter>Source Files</Filter>
    </ClCompile>
    <ClCompile Include="dummy.cpp">
      <Filter>asm x64 as main</Filter>
    </ClCompile>
  </ItemGroup>
  <ItemGroup>
    <MASM Include="sse.asm">
      <Filter>Source Files</Filter>
    </MASM>
    <MASM Include="basics.asm">
      <Filter>Source Files</Filter>
    </MASM>
    <MASM Include="main.asm">
      <Filter>asm x64 as main</Filter>
    </MASM>
    <MASM Include="cpuid.asm">
      <Filter>Source Files</Filter>
    </MASM>
    <MASM Include="mmx.asm">
      <Filter>Source Files</Filter>
    </MASM>
    <MASM Include="alloc.asm">
      <Filter>Source Files</Filter>
    </MASM>
  </ItemGroup>
  <ItemGroup>
    <None Include="pointstruct.inc">
      <Filter>Header Files</Filter>
    </None>
  </ItemGroup>
</Project>